
Microsoft Visual Studio Solution File, Format Version 12.00
# Visual Studio Version 16
VisualStudioVersion = 16.0.810.16
MinimumVisualStudioVersion = 10.0.40219.1
Project("{FAE04EC0-301F-11D3-BF4B-00C04F79EFBC}") = "first_aspnet_webapp", "first_aspnet_webapp\first_aspnet_webapp.csproj", "{EA87579E-81B8-4862-BF2B-494FB4143733}"
EndProject
Global
	GlobalSection(SolutionConfigurationPlatforms) = preSolution
		Debug|Any CPU = Debug|Any CPU
		Release|Any CPU = Release|Any CPU
	EndGlobalSection
	GlobalSection(ProjectConfigurationPlatforms) = postSolution
		{EA87579E-81B8-4862-BF2B-494FB4143733}.Debug|Any CPU.ActiveCfg = Debug|Any CPU
		{EA87579E-81B8-4862-BF2B-494FB4143733}.Debug|Any CPU.Build.0 = Debug|Any CPU
		{EA87579E-81B8-4862-BF2B-494FB4143733}.Release|Any CPU.ActiveCfg = Release|Any CPU
		{EA87579E-81B8-4862-BF2B-494FB4143733}.Release|Any CPU.Build.0 = Release|Any CPU
	EndGlobalSection
	GlobalSection(SolutionProperties) = preSolution
		HideSolutionNode = FALSE
	EndGlobalSection
	GlobalSection(ExtensibilityGlobals) = postSolution
		SolutionGuid = {E40215A9-C242-4222-A722-353F6E0F7CE0}
	EndGlobalSection
EndGlobal
